
Microsoft Visual Studio Solution File, Format Version 12.00
# Visual Studio Version 18
VisualStudioVersion = 18.2.11415.280
MinimumVisualStudioVersion = 10.0.40219.1
Project("{FAE04EC0-301F-11D3-BF4B-00C04F79EFBC}") = "SeppConsoleApp", "SeppConsoleApp\SeppConsoleApp.csproj", "{7F3B3E7A-AF6A-45A2-BFD9-B59BBD6A4EC2}"
EndProject
Project("{FAE04EC0-301F-11D3-BF4B-00C04F79EFBC}") = "SteenPapierSchaar", "SteenPapierSchaar\SteenPapierSchaar.csproj", "{D8F53EAD-5CF9-4995-9B38-CB42EC17B048}"
EndProject
Project("{FAE04EC0-301F-11D3-BF4B-00C04F79EFBC}") = "SeppWinFormsApp", "SeppWinFormsApp\SeppWinFormsApp.csproj", "{B0FF9A5B-77A2-49A5-8ACB-891FBDB25FBD}"
EndProject
Project("{FAE04EC0-301F-11D3-BF4B-00C04F79EFBC}") = "PongWinForms", "PongWinForms\PongWinForms.csproj", "{29DCD26F-F459-4259-B660-50741FF357DC}"
EndProject
Project("{FAE04EC0-301F-11D3-BF4B-00C04F79EFBC}") = "Sepp2048Web", "Sepp2048Web\Sepp2048Web.csproj", "{20637801-E411-4162-B642-703D8CCF4B1F}"
EndProject
Project("{FAE04EC0-301F-11D3-BF4B-00C04F79EFBC}") = "PongWeb", "PongWeb\PongWeb.csproj", "{9D493C78-1A27-4794-B929-7F2C55AC46D5}"
EndProject
Global
	GlobalSection(SolutionConfigurationPlatforms) = preSolution
		Debug|Any CPU = Debug|Any CPU
		Debug|x64 = Debug|x64
		Debug|x86 = Debug|x86
		Release|Any CPU = Release|Any CPU
		Release|x64 = Release|x64
		Release|x86 = Release|x86
	EndGlobalSection
	GlobalSection(ProjectConfigurationPlatforms) = postSolution
		{7F3B3E7A-AF6A-45A2-BFD9-B59BBD6A4EC2}.Debug|Any CPU.ActiveCfg = Debug|Any CPU
		{7F3B3E7A-AF6A-45A2-BFD9-B59BBD6A4EC2}.Debug|Any CPU.Build.0 = Debug|Any CPU
		{7F3B3E7A-AF6A-45A2-BFD9-B59BBD6A4EC2}.Debug|x64.ActiveCfg = Debug|Any CPU
		{7F3B3E7A-AF6A-45A2-BFD9-B59BBD6A4EC2}.Debug|x64.Build.0 = Debug|Any CPU
		{7F3B3E7A-AF6A-45A2-BFD9-B59BBD6A4EC2}.Debug|x86.ActiveCfg = Debug|Any CPU
		{7F3B3E7A-AF6A-45A2-BFD9-B59BBD6A4EC2}.Debug|x86.Build.0 = Debug|Any CPU
		{7F3B3E7A-AF6A-45A2-BFD9-B59BBD6A4EC2}.Release|Any CPU.ActiveCfg = Release|Any CPU
		{7F3B3E7A-AF6A-45A2-BFD9-B59BBD6A4EC2}.Release|Any CPU.Build.0 = Release|Any CPU
		{7F3B3E7A-AF6A-45A2-BFD9-B59BBD6A4EC2}.Release|x64.ActiveCfg = Release|Any CPU
		{7F3B3E7A-AF6A-45A2-BFD9-B59BBD6A4EC2}.Release|x64.Build.0 = Release|Any CPU
		{7F3B3E7A-AF6A-45A2-BFD9-B59BBD6A4EC2}.Release|x86.ActiveCfg = Release|Any CPU
		{7F3B3E7A-AF6A-45A2-BFD9-B59BBD6A4EC2}.Release|x86.Build.0 = Release|Any CPU
		{D8F53EAD-5CF9-4995-9B38-CB42EC17B048}.Debug|Any CPU.ActiveCfg = Debug|Any CPU
		{D8F53EAD-5CF9-4995-9B38-CB42EC17B048}.Debug|Any CPU.Build.0 = Debug|Any CPU
		{D8F53EAD-5CF9-4995-9B38-CB42EC17B048}.Debug|x64.ActiveCfg = Debug|Any CPU
		{D8F53EAD-5CF9-4995-9B38-CB42EC17B048}.Debug|x64.Build.0 = Debug|Any CPU
		{D8F53EAD-5CF9-4995-9B38-CB42EC17B048}.Debug|x86.ActiveCfg = Debug|Any CPU
		{D8F53EAD-5CF9-4995-9B38-CB42EC17B048}.Debug|x86.Build.0 = Debug|Any CPU
		{D8F53EAD-5CF9-4995-9B38-CB42EC17B048}.Release|Any CPU.ActiveCfg = Release|Any CPU
		{D8F53EAD-5CF9-4995-9B38-CB42EC17B048}.Release|Any CPU.Build.0 = Release|Any CPU
		{D8F53EAD-5CF9-4995-9B38-CB42EC17B048}.Release|x64.ActiveCfg = Release|Any CPU
		{D8F53EAD-5CF9-4995-9B38-CB42EC17B048}.Release|x64.Build.0 = Release|Any CPU
		{D8F53EAD-5CF9-4995-9B38-CB42EC17B048}.Release|x86.ActiveCfg = Release|Any CPU
		{D8F53EAD-5CF9-4995-9B38-CB42EC17B048}.Release|x86.Build.0 = Release|Any CPU
		{B0FF9A5B-77A2-49A5-8ACB-891FBDB25FBD}.Debug|Any CPU.ActiveCfg = Debug|Any CPU
		{B0FF9A5B-77A2-49A5-8ACB-891FBDB25FBD}.Debug|Any CPU.Build.0 = Debug|Any CPU
		{B0FF9A5B-77A2-49A5-8ACB-891FBDB25FBD}.Debug|x64.ActiveCfg = Debug|Any CPU
		{B0FF9A5B-77A2-49A5-8ACB-891FBDB25FBD}.Debug|x64.Build.0 = Debug|Any CPU
		{B0FF9A5B-77A2-49A5-8ACB-891FBDB25FBD}.Debug|x86.ActiveCfg = Debug|Any CPU
		{B0FF9A5B-77A2-49A5-8ACB-891FBDB25FBD}.Debug|x86.Build.0 = Debug|Any CPU
		{B0FF9A5B-77A2-49A5-8ACB-891FBDB25FBD}.Release|Any CPU.ActiveCfg = Release|Any CPU
		{B0FF9A5B-77A2-49A5-8ACB-891FBDB25FBD}.Release|Any CPU.Build.0 = Release|Any CPU
		{B0FF9A5B-77A2-49A5-8ACB-891FBDB25FBD}.Release|x64.ActiveCfg = Release|Any CPU
		{B0FF9A5B-77A2-49A5-8ACB-891FBDB25FBD}.Release|x64.Build.0 = Release|Any CPU
		{B0FF9A5B-77A2-49A5-8ACB-891FBDB25FBD}.Release|x86.ActiveCfg = Release|Any CPU
		{B0FF9A5B-77A2-49A5-8ACB-891FBDB25FBD}.Release|x86.Build.0 = Release|Any CPU
		{29DCD26F-F459-4259-B660-50741FF357DC}.Debug|Any CPU.ActiveCfg = Debug|Any CPU
		{29DCD26F-F459-4259-B660-50741FF357DC}.Debug|Any CPU.Build.0 = Debug|Any CPU
		{29DCD26F-F459-4259-B660-50741FF357DC}.Debug|x64.ActiveCfg = Debug|Any CPU
		{29DCD26F-F459-4259-B660-50741FF357DC}.Debug|x64.Build.0 = Debug|Any CPU
		{29DCD26F-F459-4259-B660-50741FF357DC}.Debug|x86.ActiveCfg = Debug|Any CPU
		{29DCD26F-F459-4259-B660-50741FF357DC}.Debug|x86.Build.0 = Debug|Any CPU
		{29DCD26F-F459-4259-B660-50741FF357DC}.Release|Any CPU.ActiveCfg = Release|Any CPU
		{29DCD26F-F459-4259-B660-50741FF357DC}.Release|Any CPU.Build.0 = Release|Any CPU
		{29DCD26F-F459-4259-B660-50741FF357DC}.Release|x64.ActiveCfg = Release|Any CPU
		{29DCD26F-F459-4259-B660-50741FF357DC}.Release|x64.Build.0 = Release|Any CPU
		{29DCD26F-F459-4259-B660-50741FF357DC}.Release|x86.ActiveCfg = Release|Any CPU
		{29DCD26F-F459-4259-B660-50741FF357DC}.Release|x86.Build.0 = Release|Any CPU
		{20637801-E411-4162-B642-703D8CCF4B1F}.Debug|Any CPU.ActiveCfg = Debug|Any CPU
		{20637801-E411-4162-B642-703D8CCF4B1F}.Debug|Any CPU.Build.0 = Debug|Any CPU
		{20637801-E411-4162-B642-703D8CCF4B1F}.Debug|x64.ActiveCfg = Debug|Any CPU
		{20637801-E411-4162-B642-703D8CCF4B1F}.Debug|x64.Build.0 = Debug|Any CPU
		{20637801-E411-4162-B642-703D8CCF4B1F}.Debug|x86.ActiveCfg = Debug|Any CPU
		{20637801-E411-4162-B642-703D8CCF4B1F}.Debug|x86.Build.0 = Debug|Any CPU
		{20637801-E411-4162-B642-703D8CCF4B1F}.Release|Any CPU.ActiveCfg = Release|Any CPU
		{20637801-E411-4162-B642-703D8CCF4B1F}.Release|Any CPU.Build.0 = Release|Any CPU
		{20637801-E411-4162-B642-703D8CCF4B1F}.Release|x64.ActiveCfg = Release|Any CPU
		{20637801-E411-4162-B642-703D8CCF4B1F}.Release|x64.Build.0 = Release|Any CPU
		{20637801-E411-4162-B642-703D8CCF4B1F}.Release|x86.ActiveCfg = Release|Any CPU
		{20637801-E411-4162-B642-703D8CCF4B1F}.Release|x86.Build.0 = Release|Any CPU
		{9D493C78-1A27-4794-B929-7F2C55AC46D5}.Debug|Any CPU.ActiveCfg = Debug|Any CPU
		{9D493C78-1A27-4794-B929-7F2C55AC46D5}.Debug|Any CPU.Build.0 = Debug|Any CPU
		{9D493C78-1A27-4794-B929-7F2C55AC46D5}.Debug|x64.ActiveCfg = Debug|Any CPU
		{9D493C78-1A27-4794-B929-7F2C55AC46D5}.Debug|x64.Build.0 = Debug|Any CPU
		{9D493C78-1A27-4794-B929-7F2C55AC46D5}.Debug|x86.ActiveCfg = Debug|Any CPU
		{9D493C78-1A27-4794-B929-7F2C55AC46D5}.Debug|x86.Build.0 = Debug|Any CPU
		{9D493C78-1A27-4794-B929-7F2C55AC46D5}.Release|Any CPU.ActiveCfg = Release|Any CPU
		{9D493C78-1A27-4794-B929-7F2C55AC46D5}.Release|Any CPU.Build.0 = Release|Any CPU
		{9D493C78-1A27-4794-B929-7F2C55AC46D5}.Release|x64.ActiveCfg = Release|Any CPU
		{9D493C78-1A27-4794-B929-7F2C55AC46D5}.Release|x64.Build.0 = Release|Any CPU
		{9D493C78-1A27-4794-B929-7F2C55AC46D5}.Release|x86.ActiveCfg = Release|Any CPU
		{9D493C78-1A27-4794-B929-7F2C55AC46D5}.Release|x86.Build.0 = Release|Any CPU
	EndGlobalSection
	GlobalSection(SolutionProperties) = preSolution
		HideSolutionNode = FALSE
	EndGlobalSection
	GlobalSection(ExtensibilityGlobals) = postSolution
		SolutionGuid = {64A0A347-8A38-4460-BDC5-EAB7A44F7BB0}
	EndGlobalSection
EndGlobal
